
Microsoft Visual Studio Solution File, Format Version 12.00
# Visual Studio Version 16
VisualStudioVersion = 16.0.30804.86
MinimumVisualStudioVersion = 10.0.40219.1
Project("{2150E333-8FDC-42A3-9474-1A3956D46DE8}") = "src", "src", "{3D35EA6F-24C0-4499-AD0A-392B0636F14B}"
EndProject
Project("{2150E333-8FDC-42A3-9474-1A3956D46DE8}") = "Catalog", "Catalog", "{004F5543-E411-473B-A05C-E0C7D74C8C40}"
EndProject
Project("{9A19103F-16F7-4668-BE54-9A1E7A4F7556}") = "Catalog.API", "Catalog.API\Catalog.API.csproj", "{46469514-804A-4490-9629-E7061F643366}"
EndProject
Project("{2150E333-8FDC-42A3-9474-1A3956D46DE8}") = "Basket", "Basket", "{E983AA74-15F7-4666-A012-38E4B3E0ECCA}"
EndProject
Project("{FAE04EC0-301F-11D3-BF4B-00C04F79EFBC}") = "Basket.API", "Basket.API\Basket.API.csproj", "{F081A3C1-AC4B-407D-83D5-48CE8EEDB98D}"
EndProject
Global
	GlobalSection(SolutionConfigurationPlatforms) = preSolution
		Debug|Any CPU = Debug|Any CPU
		Release|Any CPU = Release|Any CPU
	EndGlobalSection
	GlobalSection(ProjectConfigurationPlatforms) = postSolution
		{46469514-804A-4490-9629-E7061F643366}.Debug|Any CPU.ActiveCfg = Debug|Any CPU
		{46469514-804A-4490-9629-E7061F643366}.Debug|Any CPU.Build.0 = Debug|Any CPU
		{46469514-804A-4490-9629-E7061F643366}.Release|Any CPU.ActiveCfg = Release|Any CPU
		{46469514-804A-4490-9629-E7061F643366}.Release|Any CPU.Build.0 = Release|Any CPU
		{F081A3C1-AC4B-407D-83D5-48CE8EEDB98D}.Debug|Any CPU.ActiveCfg = Debug|Any CPU
		{F081A3C1-AC4B-407D-83D5-48CE8EEDB98D}.Debug|Any CPU.Build.0 = Debug|Any CPU
		{F081A3C1-AC4B-407D-83D5-48CE8EEDB98D}.Release|Any CPU.ActiveCfg = Release|Any CPU
		{F081A3C1-AC4B-407D-83D5-48CE8EEDB98D}.Release|Any CPU.Build.0 = Release|Any CPU
	EndGlobalSection
	GlobalSection(SolutionProperties) = preSolution
		HideSolutionNode = FALSE
	EndGlobalSection
	GlobalSection(NestedProjects) = preSolution
		{004F5543-E411-473B-A05C-E0C7D74C8C40} = {3D35EA6F-24C0-4499-AD0A-392B0636F14B}
		{46469514-804A-4490-9629-E7061F643366} = {004F5543-E411-473B-A05C-E0C7D74C8C40}
		{E983AA74-15F7-4666-A012-38E4B3E0ECCA} = {3D35EA6F-24C0-4499-AD0A-392B0636F14B}
		{F081A3C1-AC4B-407D-83D5-48CE8EEDB98D} = {E983AA74-15F7-4666-A012-38E4B3E0ECCA}
	EndGlobalSection
	GlobalSection(ExtensibilityGlobals) = postSolution
		SolutionGuid = {F5E5D551-44D6-4C8D-99ED-21AE5C48F489}
	EndGlobalSection
EndGlobal
